
Microsoft Visual Studio Solution File, Format Version 12.00
# Visual Studio Version 17
VisualStudioVersion = 17.10.35013.160
MinimumVisualStudioVersion = 10.0.40219.1
Project("{FAE04EC0-301F-11D3-BF4B-00C04F79EFBC}") = "ControleFuncionarios.AppMvc", "src\ControleFuncionarios.AppMvc\ControleFuncionarios.AppMvc.csproj", "{35E4ADA5-937D-4297-BCA2-23516D870D6F}"
EndProject
Project("{FAE04EC0-301F-11D3-BF4B-00C04F79EFBC}") = "ControleFuncionarios.Business", "src\ControleFuncionarios.Business\ControleFuncionarios.Business.csproj", "{6A9EA242-2A18-40F6-9A41-010A1B607C58}"
EndProject
Project("{FAE04EC0-301F-11D3-BF4B-00C04F79EFBC}") = "ControleFuncionarios.Infra", "src\ControleFuncionarios.Infra\ControleFuncionarios.Infra.csproj", "{99AE1D57-3521-4927-9FBF-B36F19A4C55B}"
EndProject
Global
	GlobalSection(SolutionConfigurationPlatforms) = preSolution
		Debug|Any CPU = Debug|Any CPU
		Release|Any CPU = Release|Any CPU
	EndGlobalSection
	GlobalSection(ProjectConfigurationPlatforms) = postSolution
		{35E4ADA5-937D-4297-BCA2-23516D870D6F}.Debug|Any CPU.ActiveCfg = Debug|Any CPU
		{35E4ADA5-937D-4297-BCA2-23516D870D6F}.Debug|Any CPU.Build.0 = Debug|Any CPU
		{35E4ADA5-937D-4297-BCA2-23516D870D6F}.Release|Any CPU.ActiveCfg = Release|Any CPU
		{35E4ADA5-937D-4297-BCA2-23516D870D6F}.Release|Any CPU.Build.0 = Release|Any CPU
		{6A9EA242-2A18-40F6-9A41-010A1B607C58}.Debug|Any CPU.ActiveCfg = Debug|Any CPU
		{6A9EA242-2A18-40F6-9A41-010A1B607C58}.Debug|Any CPU.Build.0 = Debug|Any CPU
		{6A9EA242-2A18-40F6-9A41-010A1B607C58}.Release|Any CPU.ActiveCfg = Release|Any CPU
		{6A9EA242-2A18-40F6-9A41-010A1B607C58}.Release|Any CPU.Build.0 = Release|Any CPU
		{99AE1D57-3521-4927-9FBF-B36F19A4C55B}.Debug|Any CPU.ActiveCfg = Debug|Any CPU
		{99AE1D57-3521-4927-9FBF-B36F19A4C55B}.Debug|Any CPU.Build.0 = Debug|Any CPU
		{99AE1D57-3521-4927-9FBF-B36F19A4C55B}.Release|Any CPU.ActiveCfg = Release|Any CPU
		{99AE1D57-3521-4927-9FBF-B36F19A4C55B}.Release|Any CPU.Build.0 = Release|Any CPU
	EndGlobalSection
	GlobalSection(SolutionProperties) = preSolution
		HideSolutionNode = FALSE
	EndGlobalSection
	GlobalSection(ExtensibilityGlobals) = postSolution
		SolutionGuid = {D5AFD399-E17B-4F34-864A-4923F8E61A7A}
	EndGlobalSection
EndGlobal
